
Microsoft Visual Studio Solution File, Format Version 12.00
# Visual Studio 15
Project("{FAE04EC0-301F-11D3-BF4B-00C04F79EFBC}") = "Assembly-CSharp", "Assembly-CSharp.csproj", "{C39E9C2D-6FDF-0DD0-10BB-CD2B7AF0F072}"
EndProject
Project("{FAE04EC0-301F-11D3-BF4B-00C04F79EFBC}") = "Assembly-CSharp-Editor", "Assembly-CSharp-Editor.csproj", "{22B4ED0A-4FCD-D0ED-F2ED-3538C546BDAB}"
EndProject
Global
	GlobalSection(SolutionConfigurationPlatforms) = preSolution
		Debug|Any CPU = Debug|Any CPU
		Release|Any CPU = Release|Any CPU
	EndGlobalSection
	GlobalSection(ProjectConfigurationPlatforms) = postSolution
		{C39E9C2D-6FDF-0DD0-10BB-CD2B7AF0F072}.Debug|Any CPU.ActiveCfg = Debug|Any CPU
		{C39E9C2D-6FDF-0DD0-10BB-CD2B7AF0F072}.Debug|Any CPU.Build.0 = Debug|Any CPU
		{C39E9C2D-6FDF-0DD0-10BB-CD2B7AF0F072}.Release|Any CPU.ActiveCfg = Release|Any CPU
		{C39E9C2D-6FDF-0DD0-10BB-CD2B7AF0F072}.Release|Any CPU.Build.0 = Release|Any CPU
		{22B4ED0A-4FCD-D0ED-F2ED-3538C546BDAB}.Debug|Any CPU.ActiveCfg = Debug|Any CPU
		{22B4ED0A-4FCD-D0ED-F2ED-3538C546BDAB}.Debug|Any CPU.Build.0 = Debug|Any CPU
		{22B4ED0A-4FCD-D0ED-F2ED-3538C546BDAB}.Release|Any CPU.ActiveCfg = Release|Any CPU
		{22B4ED0A-4FCD-D0ED-F2ED-3538C546BDAB}.Release|Any CPU.Build.0 = Release|Any CPU
	EndGlobalSection
	GlobalSection(SolutionProperties) = preSolution
		HideSolutionNode = FALSE
	EndGlobalSection
EndGlobal
